# THIS IS AN AUTOGENERATED FILE. DO NOT EDIT THIS FILE DIRECTLY.
# yarn lockfile v1


daisyui@^5.5.18:
  version "5.5.18"
  resolved "https://registry.yarnpkg.com/daisyui/-/daisyui-5.5.18.tgz#7524814b252ba23a5e0f69173556ca20a21e7744"
  integrity sha512-VVzjpOitMGB6DWIBeRSapbjdOevFqyzpk9u5Um6a4tyId3JFrU5pbtF0vgjXDth76mJZbueN/j9Ok03SPrh/og==
